
Microsoft Visual Studio Solution File, Format Version 12.00
# Visual Studio Version 17
VisualStudioVersion = 17.1.32228.430
MinimumVisualStudioVersion = 10.0.40219.1
Project("{FAE04EC0-301F-11D3-BF4B-00C04F79EFBC}") = "SNAKEnLADDER", "SNAKEnLADDER\SNAKEnLADDER.csproj", "{B54CE380-C386-4435-92A4-2F1A89F189EC}"
EndProject
Global
	GlobalSection(SolutionConfigurationPlatforms) = preSolution
		Debug|Any CPU = Debug|Any CPU
		Release|Any CPU = Release|Any CPU
	EndGlobalSection
	GlobalSection(ProjectConfigurationPlatforms) = postSolution
		{B54CE380-C386-4435-92A4-2F1A89F189EC}.Debug|Any CPU.ActiveCfg = Debug|Any CPU
		{B54CE380-C386-4435-92A4-2F1A89F189EC}.Debug|Any CPU.Build.0 = Debug|Any CPU
		{B54CE380-C386-4435-92A4-2F1A89F189EC}.Release|Any CPU.ActiveCfg = Release|Any CPU
		{B54CE380-C386-4435-92A4-2F1A89F189EC}.Release|Any CPU.Build.0 = Release|Any CPU
	EndGlobalSection
	GlobalSection(SolutionProperties) = preSolution
		HideSolutionNode = FALSE
	EndGlobalSection
	GlobalSection(ExtensibilityGlobals) = postSolution
		SolutionGuid = {8CCCE8C2-63BC-4D7D-AF41-91BD68622ACC}
	EndGlobalSection
EndGlobal
